
Microsoft Visual Studio Solution File, Format Version 12.00
# Visual Studio Version 16
VisualStudioVersion = 16.0.31129.286
MinimumVisualStudioVersion = 10.0.40219.1
Project("{FAE04EC0-301F-11D3-BF4B-00C04F79EFBC}") = "Lab13q4", "Lab13q4\Lab13q4.csproj", "{52529D3D-51B2-44A3-9D3F-CF5A2C52A089}"
EndProject
Global
	GlobalSection(SolutionConfigurationPlatforms) = preSolution
		Debug|Any CPU = Debug|Any CPU
		Release|Any CPU = Release|Any CPU
	EndGlobalSection
	GlobalSection(ProjectConfigurationPlatforms) = postSolution
		{52529D3D-51B2-44A3-9D3F-CF5A2C52A089}.Debug|Any CPU.ActiveCfg = Debug|Any CPU
		{52529D3D-51B2-44A3-9D3F-CF5A2C52A089}.Debug|Any CPU.Build.0 = Debug|Any CPU
		{52529D3D-51B2-44A3-9D3F-CF5A2C52A089}.Release|Any CPU.ActiveCfg = Release|Any CPU
		{52529D3D-51B2-44A3-9D3F-CF5A2C52A089}.Release|Any CPU.Build.0 = Release|Any CPU
	EndGlobalSection
	GlobalSection(SolutionProperties) = preSolution
		HideSolutionNode = FALSE
	EndGlobalSection
	GlobalSection(ExtensibilityGlobals) = postSolution
		SolutionGuid = {4C46B3AE-036D-43F3-9746-504FBE76665D}
	EndGlobalSection
EndGlobal
