
Microsoft Visual Studio Solution File, Format Version 12.00
# Visual Studio Version 16
VisualStudioVersion = 16.0.31129.286
MinimumVisualStudioVersion = 10.0.40219.1
Project("{FAE04EC0-301F-11D3-BF4B-00C04F79EFBC}") = "Lab13q3", "Lab13q3\Lab13q3.csproj", "{6F4A9815-F04F-43A5-AEA3-43E1408EA2B0}"
EndProject
Global
	GlobalSection(SolutionConfigurationPlatforms) = preSolution
		Debug|Any CPU = Debug|Any CPU
		Release|Any CPU = Release|Any CPU
	EndGlobalSection
	GlobalSection(ProjectConfigurationPlatforms) = postSolution
		{6F4A9815-F04F-43A5-AEA3-43E1408EA2B0}.Debug|Any CPU.ActiveCfg = Debug|Any CPU
		{6F4A9815-F04F-43A5-AEA3-43E1408EA2B0}.Debug|Any CPU.Build.0 = Debug|Any CPU
		{6F4A9815-F04F-43A5-AEA3-43E1408EA2B0}.Release|Any CPU.ActiveCfg = Release|Any CPU
		{6F4A9815-F04F-43A5-AEA3-43E1408EA2B0}.Release|Any CPU.Build.0 = Release|Any CPU
	EndGlobalSection
	GlobalSection(SolutionProperties) = preSolution
		HideSolutionNode = FALSE
	EndGlobalSection
	GlobalSection(ExtensibilityGlobals) = postSolution
		SolutionGuid = {9DA1D767-8FFA-49B8-8BAC-E5F833627430}
	EndGlobalSection
EndGlobal
