
Microsoft Visual Studio Solution File, Format Version 12.00
# Visual Studio Version 16
VisualStudioVersion = 16.0.31129.286
MinimumVisualStudioVersion = 10.0.40219.1
Project("{FAE04EC0-301F-11D3-BF4B-00C04F79EFBC}") = "Lab7q2", "Lab7q2\Lab7q2.csproj", "{30CC7C49-5F52-41B4-8ED7-23FC84DF21AC}"
EndProject
Global
	GlobalSection(SolutionConfigurationPlatforms) = preSolution
		Debug|Any CPU = Debug|Any CPU
		Release|Any CPU = Release|Any CPU
	EndGlobalSection
	GlobalSection(ProjectConfigurationPlatforms) = postSolution
		{30CC7C49-5F52-41B4-8ED7-23FC84DF21AC}.Debug|Any CPU.ActiveCfg = Debug|Any CPU
		{30CC7C49-5F52-41B4-8ED7-23FC84DF21AC}.Debug|Any CPU.Build.0 = Debug|Any CPU
		{30CC7C49-5F52-41B4-8ED7-23FC84DF21AC}.Release|Any CPU.ActiveCfg = Release|Any CPU
		{30CC7C49-5F52-41B4-8ED7-23FC84DF21AC}.Release|Any CPU.Build.0 = Release|Any CPU
	EndGlobalSection
	GlobalSection(SolutionProperties) = preSolution
		HideSolutionNode = FALSE
	EndGlobalSection
	GlobalSection(ExtensibilityGlobals) = postSolution
		SolutionGuid = {96D43686-1F7B-46C1-AC07-9ACB954EB4D6}
	EndGlobalSection
EndGlobal
