
Microsoft Visual Studio Solution File, Format Version 12.00
# Visual Studio Version 16
VisualStudioVersion = 16.0.31129.286
MinimumVisualStudioVersion = 10.0.40219.1
Project("{FAE04EC0-301F-11D3-BF4B-00C04F79EFBC}") = "Lab13q5", "Lab13q5\Lab13q5.csproj", "{7E3E7EDC-0109-406D-8784-A20A454D2652}"
EndProject
Global
	GlobalSection(SolutionConfigurationPlatforms) = preSolution
		Debug|Any CPU = Debug|Any CPU
		Release|Any CPU = Release|Any CPU
	EndGlobalSection
	GlobalSection(ProjectConfigurationPlatforms) = postSolution
		{7E3E7EDC-0109-406D-8784-A20A454D2652}.Debug|Any CPU.ActiveCfg = Debug|Any CPU
		{7E3E7EDC-0109-406D-8784-A20A454D2652}.Debug|Any CPU.Build.0 = Debug|Any CPU
		{7E3E7EDC-0109-406D-8784-A20A454D2652}.Release|Any CPU.ActiveCfg = Release|Any CPU
		{7E3E7EDC-0109-406D-8784-A20A454D2652}.Release|Any CPU.Build.0 = Release|Any CPU
	EndGlobalSection
	GlobalSection(SolutionProperties) = preSolution
		HideSolutionNode = FALSE
	EndGlobalSection
	GlobalSection(ExtensibilityGlobals) = postSolution
		SolutionGuid = {140C7A72-D1AE-41F6-9705-9DED99375A20}
	EndGlobalSection
EndGlobal
