
Microsoft Visual Studio Solution File, Format Version 12.00
# Visual Studio Version 16
VisualStudioVersion = 16.0.31129.286
MinimumVisualStudioVersion = 10.0.40219.1
Project("{FAE04EC0-301F-11D3-BF4B-00C04F79EFBC}") = "Lab10q1", "Lab10q1\Lab10q1.csproj", "{8EBC001B-6ECE-4B91-B5FB-80951EB5FA27}"
EndProject
Global
	GlobalSection(SolutionConfigurationPlatforms) = preSolution
		Debug|Any CPU = Debug|Any CPU
		Release|Any CPU = Release|Any CPU
	EndGlobalSection
	GlobalSection(ProjectConfigurationPlatforms) = postSolution
		{8EBC001B-6ECE-4B91-B5FB-80951EB5FA27}.Debug|Any CPU.ActiveCfg = Debug|Any CPU
		{8EBC001B-6ECE-4B91-B5FB-80951EB5FA27}.Debug|Any CPU.Build.0 = Debug|Any CPU
		{8EBC001B-6ECE-4B91-B5FB-80951EB5FA27}.Release|Any CPU.ActiveCfg = Release|Any CPU
		{8EBC001B-6ECE-4B91-B5FB-80951EB5FA27}.Release|Any CPU.Build.0 = Release|Any CPU
	EndGlobalSection
	GlobalSection(SolutionProperties) = preSolution
		HideSolutionNode = FALSE
	EndGlobalSection
	GlobalSection(ExtensibilityGlobals) = postSolution
		SolutionGuid = {59F1FAD7-8C40-4473-992F-778AD68FCC23}
	EndGlobalSection
EndGlobal
