
Microsoft Visual Studio Solution File, Format Version 12.00
# Visual Studio Version 16
VisualStudioVersion = 16.0.31129.286
MinimumVisualStudioVersion = 10.0.40219.1
Project("{FAE04EC0-301F-11D3-BF4B-00C04F79EFBC}") = "Lab5", "Lab5\Lab5.csproj", "{B5271F1A-7D20-4186-B20E-241EC4C5A22C}"
EndProject
Project("{FAE04EC0-301F-11D3-BF4B-00C04F79EFBC}") = "Bank", "Bank\Bank.csproj", "{DE20BB1E-2391-40BF-815B-E9F1A2A4118B}"
EndProject
Global
	GlobalSection(SolutionConfigurationPlatforms) = preSolution
		Debug|Any CPU = Debug|Any CPU
		Release|Any CPU = Release|Any CPU
	EndGlobalSection
	GlobalSection(ProjectConfigurationPlatforms) = postSolution
		{B5271F1A-7D20-4186-B20E-241EC4C5A22C}.Debug|Any CPU.ActiveCfg = Debug|Any CPU
		{B5271F1A-7D20-4186-B20E-241EC4C5A22C}.Debug|Any CPU.Build.0 = Debug|Any CPU
		{B5271F1A-7D20-4186-B20E-241EC4C5A22C}.Release|Any CPU.ActiveCfg = Release|Any CPU
		{B5271F1A-7D20-4186-B20E-241EC4C5A22C}.Release|Any CPU.Build.0 = Release|Any CPU
		{DE20BB1E-2391-40BF-815B-E9F1A2A4118B}.Debug|Any CPU.ActiveCfg = Debug|Any CPU
		{DE20BB1E-2391-40BF-815B-E9F1A2A4118B}.Debug|Any CPU.Build.0 = Debug|Any CPU
		{DE20BB1E-2391-40BF-815B-E9F1A2A4118B}.Release|Any CPU.ActiveCfg = Release|Any CPU
		{DE20BB1E-2391-40BF-815B-E9F1A2A4118B}.Release|Any CPU.Build.0 = Release|Any CPU
	EndGlobalSection
	GlobalSection(SolutionProperties) = preSolution
		HideSolutionNode = FALSE
	EndGlobalSection
	GlobalSection(ExtensibilityGlobals) = postSolution
		SolutionGuid = {AB03F385-7E3C-4744-B428-EFAC1E6BF338}
	EndGlobalSection
EndGlobal
