
Microsoft Visual Studio Solution File, Format Version 12.00
# Visual Studio Version 16
VisualStudioVersion = 16.0.31129.286
MinimumVisualStudioVersion = 10.0.40219.1
Project("{FAE04EC0-301F-11D3-BF4B-00C04F79EFBC}") = "Lab8q1", "Lab8q1\Lab8q1.csproj", "{D76E6354-8995-4503-B218-AE33C399DE10}"
EndProject
Global
	GlobalSection(SolutionConfigurationPlatforms) = preSolution
		Debug|Any CPU = Debug|Any CPU
		Release|Any CPU = Release|Any CPU
	EndGlobalSection
	GlobalSection(ProjectConfigurationPlatforms) = postSolution
		{D76E6354-8995-4503-B218-AE33C399DE10}.Debug|Any CPU.ActiveCfg = Debug|Any CPU
		{D76E6354-8995-4503-B218-AE33C399DE10}.Debug|Any CPU.Build.0 = Debug|Any CPU
		{D76E6354-8995-4503-B218-AE33C399DE10}.Release|Any CPU.ActiveCfg = Release|Any CPU
		{D76E6354-8995-4503-B218-AE33C399DE10}.Release|Any CPU.Build.0 = Release|Any CPU
	EndGlobalSection
	GlobalSection(SolutionProperties) = preSolution
		HideSolutionNode = FALSE
	EndGlobalSection
	GlobalSection(ExtensibilityGlobals) = postSolution
		SolutionGuid = {1685BF4A-8EB6-427E-81CE-E97493E52A1D}
	EndGlobalSection
EndGlobal
