
Microsoft Visual Studio Solution File, Format Version 12.00
# Visual Studio Version 16
VisualStudioVersion = 16.0.31129.286
MinimumVisualStudioVersion = 10.0.40219.1
Project("{FAE04EC0-301F-11D3-BF4B-00C04F79EFBC}") = "Lab8q2", "Lab8q2\Lab8q2.csproj", "{457029EF-9006-4593-8D8C-7D1EE3C1DE44}"
EndProject
Global
	GlobalSection(SolutionConfigurationPlatforms) = preSolution
		Debug|Any CPU = Debug|Any CPU
		Release|Any CPU = Release|Any CPU
	EndGlobalSection
	GlobalSection(ProjectConfigurationPlatforms) = postSolution
		{457029EF-9006-4593-8D8C-7D1EE3C1DE44}.Debug|Any CPU.ActiveCfg = Debug|Any CPU
		{457029EF-9006-4593-8D8C-7D1EE3C1DE44}.Debug|Any CPU.Build.0 = Debug|Any CPU
		{457029EF-9006-4593-8D8C-7D1EE3C1DE44}.Release|Any CPU.ActiveCfg = Release|Any CPU
		{457029EF-9006-4593-8D8C-7D1EE3C1DE44}.Release|Any CPU.Build.0 = Release|Any CPU
	EndGlobalSection
	GlobalSection(SolutionProperties) = preSolution
		HideSolutionNode = FALSE
	EndGlobalSection
	GlobalSection(ExtensibilityGlobals) = postSolution
		SolutionGuid = {8DD98B1D-29DC-4289-BF9D-4BB5954CE843}
	EndGlobalSection
EndGlobal
